// !$*UTF8*$!
{
	archiveVersion = 1;
	classes = {
	};
	objectVersion = 77;
	objects = {

/* Begin PBXBuildFile section */
		BB7E9F552E50B24000C69C99 /* Supabase in Frameworks */ = {isa = PBXBuildFile; productRef = BB7E9F542E50B24000C69C99 /* Supabase */; };
/* End PBXBuildFile section */

/* Begin PBXContainerItemProxy section */
		BB9FFBF22E4AB2E600E1A28C /* PBXContainerItemProxy */ = {
			isa = PBXContainerItemProxy;
			containerPortal = BB9FFBDC2E4AB2E500E1A28C /* Project object */;
			proxyType = 1;
			remoteGlobalIDString = BB9FFBE32E4AB2E500E1A28C;
			remoteInfo = IOS;
		};
		BB9FFBFC2E4AB2E600E1A28C /* PBXContainerItemProxy */ = {
			isa = PBXContainerItemProxy;
			containerPortal = BB9FFBDC2E4AB2E500E1A28C /* Project object */;
			proxyType = 1;
			remoteGlobalIDString = BB9FFBE32E4AB2E500E1A28C;
			remoteInfo = IOS;
		};
/* End PBXContainerItemProxy section */

/* Begin PBXFileReference section */
		BB7298352E50AA9C006307DE /* IOS.xcodeproj */ = {isa = PBXFileReference; lastKnownFileType = "wrapper.pb-project"; path = IOS.xcodeproj; sourceTree = "<group>"; };
		BB7E9E332E50AAB900C69C99 /* IOS.xcodeproj */ = {isa = PBXFileReference; lastKnownFileType = "wrapper.pb-project"; path = IOS.xcodeproj; sourceTree = "<group>"; };
		BB7E9EE82E50AEEC00C69C99 /* IOS.xcodeproj */ = {isa = PBXFileReference; lastKnownFileType = "wrapper.pb-project"; path = IOS.xcodeproj; sourceTree = "<group>"; };
		BB9FFBE42E4AB2E500E1A28C /* IOS.app */ = {isa = PBXFileReference; explicitFileType = wrapper.application; includeInIndex = 0; path = IOS.app; sourceTree = BUILT_PRODUCTS_DIR; };
		BB9FFBF12E4AB2E600E1A28C /* IOSTests.xctest */ = {isa = PBXFileReference; explicitFileType = wrapper.cfbundle; includeInIndex = 0; path = IOSTests.xctest; sourceTree = BUILT_PRODUCTS_DIR; };
		BB9FFBFB2E4AB2E600E1A28C /* IOSUITests.xctest */ = {isa = PBXFileReference; explicitFileType = wrapper.cfbundle; includeInIndex = 0; path = IOSUITests.xctest; sourceTree = BUILT_PRODUCTS_DIR; };
/* End PBXFileReference section */

/* Begin PBXFileSystemSynchronizedBuildFileExceptionSet section */
		BB7E9E8E2E50AE5300C69C99 /* Exceptions for "IOS" folder in "IOS" target */ = {
			isa = PBXFileSystemSynchronizedBuildFileExceptionSet;
			membershipExceptions = (
				Info.plist,
				IOSTests/APIClientTests.swift,
				IOSTests/AuthServiceTests.swift,
				IOSTests/BusinessServiceTests.swift,
				IOSTests/HTTPSRequirementTests.swift,
				IOSTests/IOSTests.swift,
				IOSTests/ListServiceTests.swift,
				IOSTests/MockURLProtocol.swift,
				IOSTests/UserServiceTests.swift,
				IOSUITests/IOSUITests.swift,
				IOSUITests/IOSUITestsLaunchTests.swift,
			);
			target = BB9FFBE32E4AB2E500E1A28C /* IOS */;
		};
		BB7E9F442E50B06700C69C99 /* Exceptions for "IOS" folder in "IOSTests" target */ = {
			isa = PBXFileSystemSynchronizedBuildFileExceptionSet;
			membershipExceptions = (
				IOSTests/APIClientTests.swift,
				IOSTests/AuthServiceTests.swift,
				IOSTests/BusinessServiceTests.swift,
				IOSTests/HTTPSRequirementTests.swift,
				IOSTests/IOSTests.swift,
				IOSTests/ListServiceTests.swift,
				IOSTests/MockURLProtocol.swift,
				IOSTests/UserServiceTests.swift,
			);
			target = BB9FFBF02E4AB2E600E1A28C /* IOSTests */;
		};
		BB7E9F462E50B07600C69C99 /* Exceptions for "IOS" folder in "IOSUITests" target */ = {
			isa = PBXFileSystemSynchronizedBuildFileExceptionSet;
			membershipExceptions = (
				IOSUITests/IOSUITests.swift,
				IOSUITests/IOSUITestsLaunchTests.swift,
			);
			target = BB9FFBFA2E4AB2E600E1A28C /* IOSUITests */;
		};
/* End PBXFileSystemSynchronizedBuildFileExceptionSet section */

/* Begin PBXFileSystemSynchronizedRootGroup section */
		BB9FFBE62E4AB2E500E1A28C /* IOS */ = {
			isa = PBXFileSystemSynchronizedRootGroup;
			exceptions = (
				BB7E9E8E2E50AE5300C69C99 /* Exceptions for "IOS" folder in "IOS" target */,
				BB7E9F442E50B06700C69C99 /* Exceptions for "IOS" folder in "IOSTests" target */,
				BB7E9F462E50B07600C69C99 /* Exceptions for "IOS" folder in "IOSUITests" target */,
			);
			name = IOS;
			sourceTree = "<group>";
		};
		BB9FFBF42E4AB2E600E1A28C /* IOSTests */ = {
			isa = PBXFileSystemSynchronizedRootGroup;
			path = IOSTests;
			sourceTree = "<group>";
		};
		BB9FFBFE2E4AB2E600E1A28C /* IOSUITests */ = {
			isa = PBXFileSystemSynchronizedRootGroup;
			path = IOSUITests;
			sourceTree = "<group>";
		};
/* End PBXFileSystemSynchronizedRootGroup section */

/* Begin PBXFrameworksBuildPhase section */
		BB9FFBE12E4AB2E500E1A28C /* Frameworks */ = {
			isa = PBXFrameworksBuildPhase;
			buildActionMask = 2147483647;
			files = (
				BB7E9F552E50B24000C69C99 /* Supabase in Frameworks */,
			);
			runOnlyForDeploymentPostprocessing = 0;
		};
		BB9FFBEE2E4AB2E600E1A28C /* Frameworks */ = {
			isa = PBXFrameworksBuildPhase;
			buildActionMask = 2147483647;
			files = (
			);
			runOnlyForDeploymentPostprocessing = 0;
		};
		BB9FFBF82E4AB2E600E1A28C /* Frameworks */ = {
			isa = PBXFrameworksBuildPhase;
			buildActionMask = 2147483647;
			files = (
			);
			runOnlyForDeploymentPostprocessing = 0;
		};
/* End PBXFrameworksBuildPhase section */

/* Begin PBXGroup section */
		BB7298362E50AA9C006307DE /* Products */ = {
			isa = PBXGroup;
			name = Products;
			sourceTree = "<group>";
		};
		BB7E9E342E50AAB900C69C99 /* Products */ = {
			isa = PBXGroup;
			name = Products;
			sourceTree = "<group>";
		};
		BB7E9EE92E50AEEC00C69C99 /* Products */ = {
			isa = PBXGroup;
			name = Products;
			sourceTree = "<group>";
		};
		BB7E9F532E50B24000C69C99 /* Frameworks */ = {
			isa = PBXGroup;
			children = (
			);
			name = Frameworks;
			sourceTree = "<group>";
		};
		BB9FFBDB2E4AB2E500E1A28C = {
			isa = PBXGroup;
			children = (
				BB9FFBE62E4AB2E500E1A28C /* IOS */,
				BB9FFBF42E4AB2E600E1A28C /* IOSTests */,
				BB9FFBFE2E4AB2E600E1A28C /* IOSUITests */,
				BB7E9F532E50B24000C69C99 /* Frameworks */,
				BB9FFBE52E4AB2E500E1A28C /* Products */,
			);
			sourceTree = "<group>";
		};
		BB9FFBE52E4AB2E500E1A28C /* Products */ = {
			isa = PBXGroup;
			children = (
				BB9FFBE42E4AB2E500E1A28C /* IOS.app */,
				BB9FFBF12E4AB2E600E1A28C /* IOSTests.xctest */,
				BB9FFBFB2E4AB2E600E1A28C /* IOSUITests.xctest */,
			);
			name = Products;
			sourceTree = "<group>";
		};
/* End PBXGroup section */

/* Begin PBXNativeTarget section */
		BB9FFBE32E4AB2E500E1A28C /* IOS */ = {
			isa = PBXNativeTarget;
			buildConfigurationList = BB9FFC052E4AB2E600E1A28C /* Build configuration list for PBXNativeTarget "IOS" */;
			buildPhases = (
				BB9FFBE02E4AB2E500E1A28C /* Sources */,
				BB9FFBE12E4AB2E500E1A28C /* Frameworks */,
				BB9FFBE22E4AB2E500E1A28C /* Resources */,
			);
			buildRules = (
			);
			dependencies = (
			);
			fileSystemSynchronizedGroups = (
				BB9FFBE62E4AB2E500E1A28C /* IOS */,
			);
			name = IOS;
			packageProductDependencies = (
				BB7E9F542E50B24000C69C99 /* Supabase */,
			);
			productName = IOS;
			productReference = BB9FFBE42E4AB2E500E1A28C /* IOS.app */;
			productType = "com.apple.product-type.application";
		};
		BB9FFBF02E4AB2E600E1A28C /* IOSTests */ = {
			isa = PBXNativeTarget;
			buildConfigurationList = BB9FFC082E4AB2E600E1A28C /* Build configuration list for PBXNativeTarget "IOSTests" */;
			buildPhases = (
				BB9FFBED2E4AB2E600E1A28C /* Sources */,
				BB9FFBEE2E4AB2E600E1A28C /* Frameworks */,
				BB9FFBEF2E4AB2E600E1A28C /* Resources */,
			);
			buildRules = (
			);
			dependencies = (
				BB9FFBF32E4AB2E600E1A28C /* PBXTargetDependency */,
			);
			fileSystemSynchronizedGroups = (
				BB9FFBF42E4AB2E600E1A28C /* IOSTests */,
			);
			name = IOSTests;
			packageProductDependencies = (
			);
			productName = IOSTests;
			productReference = BB9FFBF12E4AB2E600E1A28C /* IOSTests.xctest */;
			productType = "com.apple.product-type.bundle.unit-test";
		};
		BB9FFBFA2E4AB2E600E1A28C /* IOSUITests */ = {
			isa = PBXNativeTarget;
			buildConfigurationList = BB9FFC0B2E4AB2E600E1A28C /* Build configuration list for PBXNativeTarget "IOSUITests" */;
			buildPhases = (
				BB9FFBF72E4AB2E600E1A28C /* Sources */,
				BB9FFBF82E4AB2E600E1A28C /* Frameworks */,
				BB9FFBF92E4AB2E600E1A28C /* Resources */,
			);
			buildRules = (
			);
			dependencies = (
				BB9FFBFD2E4AB2E600E1A28C /* PBXTargetDependency */,
			);
			fileSystemSynchronizedGroups = (
				BB9FFBFE2E4AB2E600E1A28C /* IOSUITests */,
			);
			name = IOSUITests;
			packageProductDependencies = (
			);
			productName = IOSUITests;
			productReference = BB9FFBFB2E4AB2E600E1A28C /* IOSUITests.xctest */;
			productType = "com.apple.product-type.bundle.ui-testing";
		};
/* End PBXNativeTarget section */

/* Begin PBXProject section */
		BB9FFBDC2E4AB2E500E1A28C /* Project object */ = {
			isa = PBXProject;
			attributes = {
				BuildIndependentTargetsInParallel = 1;
				LastSwiftUpdateCheck = 1640;
				LastUpgradeCheck = 1640;
				TargetAttributes = {
					BB9FFBE32E4AB2E500E1A28C = {
						CreatedOnToolsVersion = 16.4;
					};
					BB9FFBF02E4AB2E600E1A28C = {
						CreatedOnToolsVersion = 16.4;
						TestTargetID = BB9FFBE32E4AB2E500E1A28C;
					};
					BB9FFBFA2E4AB2E600E1A28C = {
						CreatedOnToolsVersion = 16.4;
						TestTargetID = BB9FFBE32E4AB2E500E1A28C;
					};
				};
			};
			buildConfigurationList = BB9FFBDF2E4AB2E500E1A28C /* Build configuration list for PBXProject "IOS" */;
			developmentRegion = en;
			hasScannedForEncodings = 0;
			knownRegions = (
				en,
				Base,
			);
			mainGroup = BB9FFBDB2E4AB2E500E1A28C;
			minimizedProjectReferenceProxies = 1;
			packageReferences = (
				BB7E9F522E50B1EB00C69C99 /* XCRemoteSwiftPackageReference "supabase-swift" */,
			);
			preferredProjectObjectVersion = 77;
			productRefGroup = BB9FFBE52E4AB2E500E1A28C /* Products */;
			projectDirPath = "";
			projectReferences = (
				{
					ProductGroup = BB7E9E342E50AAB900C69C99 /* Products */;
					ProjectRef = BB7E9E332E50AAB900C69C99 /* IOS.xcodeproj */;
				},
				{
					ProductGroup = BB7E9EE92E50AEEC00C69C99 /* Products */;
					ProjectRef = BB7E9EE82E50AEEC00C69C99 /* IOS.xcodeproj */;
				},
				{
					ProductGroup = BB7298362E50AA9C006307DE /* Products */;
					ProjectRef = BB7298352E50AA9C006307DE /* IOS.xcodeproj */;
				},
			);
			projectRoot = "";
			targets = (
				BB9FFBE32E4AB2E500E1A28C /* IOS */,
				BB9FFBF02E4AB2E600E1A28C /* IOSTests */,
				BB9FFBFA2E4AB2E600E1A28C /* IOSUITests */,
			);
		};
/* End PBXProject section */

/* Begin PBXResourcesBuildPhase section */
		BB9FFBE22E4AB2E500E1A28C /* Resources */ = {
			isa = PBXResourcesBuildPhase;
			buildActionMask = 2147483647;
			files = (
			);
			runOnlyForDeploymentPostprocessing = 0;
		};
		BB9FFBEF2E4AB2E600E1A28C /* Resources */ = {
			isa = PBXResourcesBuildPhase;
			buildActionMask = 2147483647;
			files = (
			);
			runOnlyForDeploymentPostprocessing = 0;
		};
		BB9FFBF92E4AB2E600E1A28C /* Resources */ = {
			isa = PBXResourcesBuildPhase;
			buildActionMask = 2147483647;
			files = (
			);
			runOnlyForDeploymentPostprocessing = 0;
		};
/* End PBXResourcesBuildPhase section */

/* Begin PBXSourcesBuildPhase section */
		BB9FFBE02E4AB2E500E1A28C /* Sources */ = {
			isa = PBXSourcesBuildPhase;
			buildActionMask = 2147483647;
			files = (
			);
			runOnlyForDeploymentPostprocessing = 0;
		};
		BB9FFBED2E4AB2E600E1A28C /* Sources */ = {
			isa = PBXSourcesBuildPhase;
			buildActionMask = 2147483647;
			files = (
			);
			runOnlyForDeploymentPostprocessing = 0;
		};
		BB9FFBF72E4AB2E600E1A28C /* Sources */ = {
			isa = PBXSourcesBuildPhase;
			buildActionMask = 2147483647;
			files = (
			);
			runOnlyForDeploymentPostprocessing = 0;
		};
/* End PBXSourcesBuildPhase section */

/* Begin PBXTargetDependency section */
		BB9FFBF32E4AB2E600E1A28C /* PBXTargetDependency */ = {
			isa = PBXTargetDependency;
			target = BB9FFBE32E4AB2E500E1A28C /* IOS */;
			targetProxy = BB9FFBF22E4AB2E600E1A28C /* PBXContainerItemProxy */;
		};
		BB9FFBFD2E4AB2E600E1A28C /* PBXTargetDependency */ = {
			isa = PBXTargetDependency;
			target = BB9FFBE32E4AB2E500E1A28C /* IOS */;
			targetProxy = BB9FFBFC2E4AB2E600E1A28C /* PBXContainerItemProxy */;
		};
/* End PBXTargetDependency section */

/* Begin XCBuildConfiguration section */
		BB9FFC032E4AB2E600E1A28C /* Debug */ = {
			isa = XCBuildConfiguration;
			buildSettings = {
				ALWAYS_SEARCH_USER_PATHS = NO;
				ASSETCATALOG_COMPILER_GENERATE_SWIFT_ASSET_SYMBOL_EXTENSIONS = YES;
				CLANG_ANALYZER_NONNULL = YES;
				CLANG_ANALYZER_NUMBER_OBJECT_CONVERSION = YES_AGGRESSIVE;
				CLANG_CXX_LANGUAGE_STANDARD = "gnu++20";
				CLANG_ENABLE_MODULES = YES;
				CLANG_ENABLE_OBJC_ARC = YES;
				CLANG_ENABLE_OBJC_WEAK = YES;
				CLANG_WARN_BLOCK_CAPTURE_AUTORELEASING = YES;
				CLANG_WARN_BOOL_CONVERSION = YES;
				CLANG_WARN_COMMA = YES;
				CLANG_WARN_CONSTANT_CONVERSION = YES;
				CLANG_WARN_DEPRECATED_OBJC_IMPLEMENTATIONS = YES;
				CLANG_WARN_DIRECT_OBJC_ISA_USAGE = YES_ERROR;
				CLANG_WARN_DOCUMENTATION_COMMENTS = YES;
				CLANG_WARN_EMPTY_BODY = YES;
				CLANG_WARN_ENUM_CONVERSION = YES;
				CLANG_WARN_INFINITE_RECURSION = YES;
				CLANG_WARN_INT_CONVERSION = YES;
				CLANG_WARN_NON_LITERAL_NULL_CONVERSION = YES;
				CLANG_WARN_OBJC_IMPLICIT_RETAIN_SELF = YES;
				CLANG_WARN_OBJC_LITERAL_CONVERSION = YES;
				CLANG_WARN_OBJC_ROOT_CLASS = YES_ERROR;
				CLANG_WARN_QUOTED_INCLUDE_IN_FRAMEWORK_HEADER = YES;
				CLANG_WARN_RANGE_LOOP_ANALYSIS = YES;
				CLANG_WARN_STRICT_PROTOTYPES = YES;
				CLANG_WARN_SUSPICIOUS_MOVE = YES;
				CLANG_WARN_UNGUARDED_AVAILABILITY = YES_AGGRESSIVE;
				CLANG_WARN_UNREACHABLE_CODE = YES;
				CLANG_WARN__DUPLICATE_METHOD_MATCH = YES;
				COPY_PHASE_STRIP = NO;
				DEBUG_INFORMATION_FORMAT = dwarf;
				ENABLE_STRICT_OBJC_MSGSEND = YES;
				ENABLE_TESTABILITY = YES;
				ENABLE_USER_SCRIPT_SANDBOXING = YES;
				GCC_C_LANGUAGE_STANDARD = gnu17;
				GCC_DYNAMIC_NO_PIC = NO;
				GCC_NO_COMMON_BLOCKS = YES;
				GCC_OPTIMIZATION_LEVEL = 0;
				GCC_PREPROCESSOR_DEFINITIONS = (
					"DEBUG=1",
					"$(inherited)",
				);
				GCC_WARN_64_TO_32_BIT_CONVERSION = YES;
				GCC_WARN_ABOUT_RETURN_TYPE = YES_ERROR;
				GCC_WARN_UNDECLARED_SELECTOR = YES;
				GCC_WARN_UNINITIALIZED_AUTOS = YES_AGGRESSIVE;
				GCC_WARN_UNUSED_FUNCTION = YES;
				GCC_WARN_UNUSED_VARIABLE = YES;
				INFOPLIST_FILE = Info.plist;
				IPHONEOS_DEPLOYMENT_TARGET = 18.5;
				LOCALIZATION_PREFERS_STRING_CATALOGS = YES;
				MTL_ENABLE_DEBUG_INFO = INCLUDE_SOURCE;
				MTL_FAST_MATH = YES;
				ONLY_ACTIVE_ARCH = YES;
				SDKROOT = iphoneos;
				SWIFT_ACTIVE_COMPILATION_CONDITIONS = "DEBUG $(inherited)";
				SWIFT_OPTIMIZATION_LEVEL = "-Onone";
			};
			name = Debug;
		};
		BB9FFC042E4AB2E600E1A28C /* Release */ = {
			isa = XCBuildConfiguration;
			buildSettings = {
				ALWAYS_SEARCH_USER_PATHS = NO;
				ASSETCATALOG_COMPILER_GENERATE_SWIFT_ASSET_SYMBOL_EXTENSIONS = YES;
				CLANG_ANALYZER_NONNULL = YES;
				CLANG_ANALYZER_NUMBER_OBJECT_CONVERSION = YES_AGGRESSIVE;
				CLANG_CXX_LANGUAGE_STANDARD = "gnu++20";
				CLANG_ENABLE_MODULES = YES;
				CLANG_ENABLE_OBJC_ARC = YES;
				CLANG_ENABLE_OBJC_WEAK = YES;
				CLANG_WARN_BLOCK_CAPTURE_AUTORELEASING = YES;
				CLANG_WARN_BOOL_CONVERSION = YES;
				CLANG_WARN_COMMA = YES;
				CLANG_WARN_CONSTANT_CONVERSION = YES;
				CLANG_WARN_DEPRECATED_OBJC_IMPLEMENTATIONS = YES;
				CLANG_WARN_DIRECT_OBJC_ISA_USAGE = YES_ERROR;
				CLANG_WARN_DOCUMENTATION_COMMENTS = YES;
				CLANG_WARN_EMPTY_BODY = YES;
				CLANG_WARN_ENUM_CONVERSION = YES;
				CLANG_WARN_INFINITE_RECURSION = YES;
				CLANG_WARN_INT_CONVERSION = YES;
				CLANG_WARN_NON_LITERAL_NULL_CONVERSION = YES;
				CLANG_WARN_OBJC_IMPLICIT_RETAIN_SELF = YES;
				CLANG_WARN_OBJC_LITERAL_CONVERSION = YES;
				CLANG_WARN_OBJC_ROOT_CLASS = YES_ERROR;
				CLANG_WARN_QUOTED_INCLUDE_IN_FRAMEWORK_HEADER = YES;
				CLANG_WARN_RANGE_LOOP_ANALYSIS = YES;
				CLANG_WARN_STRICT_PROTOTYPES = YES;
				CLANG_WARN_SUSPICIOUS_MOVE = YES;
				CLANG_WARN_UNGUARDED_AVAILABILITY = YES_AGGRESSIVE;
				CLANG_WARN_UNREACHABLE_CODE = YES;
				CLANG_WARN__DUPLICATE_METHOD_MATCH = YES;
				COPY_PHASE_STRIP = NO;
				DEBUG_INFORMATION_FORMAT = "dwarf-with-dsym";
				ENABLE_NS_ASSERTIONS = NO;
				ENABLE_STRICT_OBJC_MSGSEND = YES;
				ENABLE_USER_SCRIPT_SANDBOXING = YES;
				GCC_C_LANGUAGE_STANDARD = gnu17;
				GCC_NO_COMMON_BLOCKS = YES;
				GCC_WARN_64_TO_32_BIT_CONVERSION = YES;
				GCC_WARN_ABOUT_RETURN_TYPE = YES_ERROR;
				GCC_WARN_UNDECLARED_SELECTOR = YES;
				GCC_WARN_UNINITIALIZED_AUTOS = YES_AGGRESSIVE;
				GCC_WARN_UNUSED_FUNCTION = YES;
				GCC_WARN_UNUSED_VARIABLE = YES;
				INFOPLIST_FILE = Info.plist;
				IPHONEOS_DEPLOYMENT_TARGET = 18.5;
				LOCALIZATION_PREFERS_STRING_CATALOGS = YES;
				MTL_ENABLE_DEBUG_INFO = NO;
				MTL_FAST_MATH = YES;
				SDKROOT = iphoneos;
				SWIFT_COMPILATION_MODE = wholemodule;
				VALIDATE_PRODUCT = YES;
			};
			name = Release;
		};
		BB9FFC062E4AB2E600E1A28C /* Debug */ = {
			isa = XCBuildConfiguration;
			buildSettings = {
				ASSETCATALOG_COMPILER_APPICON_NAME = AppIcon;
				ASSETCATALOG_COMPILER_GLOBAL_ACCENT_COLOR_NAME = AccentColor;
				CODE_SIGN_STYLE = Automatic;
				CURRENT_PROJECT_VERSION = 1;
				ENABLE_PREVIEWS = YES;
				GENERATE_INFOPLIST_FILE = NO;
				INFOPLIST_KEY_UIApplicationSceneManifest_Generation = YES;
				INFOPLIST_KEY_UIApplicationSupportsIndirectInputEvents = YES;
				INFOPLIST_KEY_UILaunchScreen_Generation = YES;
				INFOPLIST_KEY_UISupportedInterfaceOrientations_iPad = "UIInterfaceOrientationPortrait UIInterfaceOrientationPortraitUpsideDown UIInterfaceOrientationLandscapeLeft UIInterfaceOrientationLandscapeRight";
				INFOPLIST_KEY_UISupportedInterfaceOrientations_iPhone = "UIInterfaceOrientationPortrait UIInterfaceOrientationLandscapeLeft UIInterfaceOrientationLandscapeRight";
				LD_RUNPATH_SEARCH_PATHS = (
					"$(inherited)",
					"@executable_path/Frameworks",
				);
				MARKETING_VERSION = 1.0;
				PRODUCT_BUNDLE_IDENTIFIER = app.FeastFine.IOS;
				PRODUCT_NAME = "$(TARGET_NAME)";
				SWIFT_EMIT_LOC_STRINGS = YES;
				SWIFT_VERSION = 5.0;
				TARGETED_DEVICE_FAMILY = "1,2";
			};
			name = Debug;
		};
		BB9FFC072E4AB2E600E1A28C /* Release */ = {
			isa = XCBuildConfiguration;
			buildSettings = {
				ASSETCATALOG_COMPILER_APPICON_NAME = AppIcon;
				ASSETCATALOG_COMPILER_GLOBAL_ACCENT_COLOR_NAME = AccentColor;
				CODE_SIGN_STYLE = Automatic;
				CURRENT_PROJECT_VERSION = 1;
				ENABLE_PREVIEWS = YES;
				GENERATE_INFOPLIST_FILE = NO;
				INFOPLIST_KEY_UIApplicationSceneManifest_Generation = YES;
				INFOPLIST_KEY_UIApplicationSupportsIndirectInputEvents = YES;
				INFOPLIST_KEY_UILaunchScreen_Generation = YES;
				INFOPLIST_KEY_UISupportedInterfaceOrientations_iPad = "UIInterfaceOrientationPortrait UIInterfaceOrientationPortraitUpsideDown UIInterfaceOrientationLandscapeLeft UIInterfaceOrientationLandscapeRight";
				INFOPLIST_KEY_UISupportedInterfaceOrientations_iPhone = "UIInterfaceOrientationPortrait UIInterfaceOrientationLandscapeLeft UIInterfaceOrientationLandscapeRight";
				LD_RUNPATH_SEARCH_PATHS = (
					"$(inherited)",
					"@executable_path/Frameworks",
				);
				MARKETING_VERSION = 1.0;
				PRODUCT_BUNDLE_IDENTIFIER = app.FeastFine.IOS;
				PRODUCT_NAME = "$(TARGET_NAME)";
				SWIFT_EMIT_LOC_STRINGS = YES;
				SWIFT_VERSION = 5.0;
				TARGETED_DEVICE_FAMILY = "1,2";
			};
			name = Release;
		};
		BB9FFC092E4AB2E600E1A28C /* Debug */ = {
			isa = XCBuildConfiguration;
			buildSettings = {
				BUNDLE_LOADER = "$(TEST_HOST)";
				CODE_SIGN_STYLE = Automatic;
				CURRENT_PROJECT_VERSION = 1;
				GENERATE_INFOPLIST_FILE = YES;
				IPHONEOS_DEPLOYMENT_TARGET = 18.5;
				MARKETING_VERSION = 1.0;
				PRODUCT_BUNDLE_IDENTIFIER = app.FeastFine.IOSTests;
				PRODUCT_NAME = "$(TARGET_NAME)";
				SWIFT_EMIT_LOC_STRINGS = NO;
				SWIFT_VERSION = 5.0;
				TARGETED_DEVICE_FAMILY = "1,2";
				TEST_HOST = "$(BUILT_PRODUCTS_DIR)/IOS.app/$(BUNDLE_EXECUTABLE_FOLDER_PATH)/IOS";
			};
			name = Debug;
		};
		BB9FFC0A2E4AB2E600E1A28C /* Release */ = {
			isa = XCBuildConfiguration;
			buildSettings = {
				BUNDLE_LOADER = "$(TEST_HOST)";
				CODE_SIGN_STYLE = Automatic;
				CURRENT_PROJECT_VERSION = 1;
				GENERATE_INFOPLIST_FILE = YES;
				IPHONEOS_DEPLOYMENT_TARGET = 18.5;
				MARKETING_VERSION = 1.0;
				PRODUCT_BUNDLE_IDENTIFIER = app.FeastFine.IOSTests;
				PRODUCT_NAME = "$(TARGET_NAME)";
				SWIFT_EMIT_LOC_STRINGS = NO;
				SWIFT_VERSION = 5.0;
				TARGETED_DEVICE_FAMILY = "1,2";
				TEST_HOST = "$(BUILT_PRODUCTS_DIR)/IOS.app/$(BUNDLE_EXECUTABLE_FOLDER_PATH)/IOS";
			};
			name = Release;
		};
		BB9FFC0C2E4AB2E600E1A28C /* Debug */ = {
			isa = XCBuildConfiguration;
			buildSettings = {
				CODE_SIGN_STYLE = Automatic;
				CURRENT_PROJECT_VERSION = 1;
				GENERATE_INFOPLIST_FILE = YES;
				MARKETING_VERSION = 1.0;
				PRODUCT_BUNDLE_IDENTIFIER = app.FeastFine.IOSUITests;
				PRODUCT_NAME = "$(TARGET_NAME)";
				SWIFT_EMIT_LOC_STRINGS = NO;
				SWIFT_VERSION = 5.0;
				TARGETED_DEVICE_FAMILY = "1,2";
				TEST_TARGET_NAME = IOS;
			};
			name = Debug;
		};
		BB9FFC0D2E4AB2E600E1A28C /* Release */ = {
			isa = XCBuildConfiguration;
			buildSettings = {
				CODE_SIGN_STYLE = Automatic;
				CURRENT_PROJECT_VERSION = 1;
				GENERATE_INFOPLIST_FILE = YES;
				MARKETING_VERSION = 1.0;
				PRODUCT_BUNDLE_IDENTIFIER = app.FeastFine.IOSUITests;
				PRODUCT_NAME = "$(TARGET_NAME)";
				SWIFT_EMIT_LOC_STRINGS = NO;
				SWIFT_VERSION = 5.0;
				TARGETED_DEVICE_FAMILY = "1,2";
				TEST_TARGET_NAME = IOS;
			};
			name = Release;
		};
/* End XCBuildConfiguration section */

/* Begin XCConfigurationList section */
		BB9FFBDF2E4AB2E500E1A28C /* Build configuration list for PBXProject "IOS" */ = {
			isa = XCConfigurationList;
			buildConfigurations = (
				BB9FFC032E4AB2E600E1A28C /* Debug */,
				BB9FFC042E4AB2E600E1A28C /* Release */,
			);
			defaultConfigurationIsVisible = 0;
			defaultConfigurationName = Release;
		};
		BB9FFC052E4AB2E600E1A28C /* Build configuration list for PBXNativeTarget "IOS" */ = {
			isa = XCConfigurationList;
			buildConfigurations = (
				BB9FFC062E4AB2E600E1A28C /* Debug */,
				BB9FFC072E4AB2E600E1A28C /* Release */,
			);
			defaultConfigurationIsVisible = 0;
			defaultConfigurationName = Release;
		};
		BB9FFC082E4AB2E600E1A28C /* Build configuration list for PBXNativeTarget "IOSTests" */ = {
			isa = XCConfigurationList;
			buildConfigurations = (
				BB9FFC092E4AB2E600E1A28C /* Debug */,
				BB9FFC0A2E4AB2E600E1A28C /* Release */,
			);
			defaultConfigurationIsVisible = 0;
			defaultConfigurationName = Release;
		};
		BB9FFC0B2E4AB2E600E1A28C /* Build configuration list for PBXNativeTarget "IOSUITests" */ = {
			isa = XCConfigurationList;
			buildConfigurations = (
				BB9FFC0C2E4AB2E600E1A28C /* Debug */,
				BB9FFC0D2E4AB2E600E1A28C /* Release */,
			);
			defaultConfigurationIsVisible = 0;
			defaultConfigurationName = Release;
		};
/* End XCConfigurationList section */

/* Begin XCRemoteSwiftPackageReference section */
		BB7E9F522E50B1EB00C69C99 /* XCRemoteSwiftPackageReference "supabase-swift" */ = {
			isa = XCRemoteSwiftPackageReference;
			repositoryURL = "https://github.com/supabase-community/supabase-swift.git";
			requirement = {
				kind = upToNextMajorVersion;
				minimumVersion = 2.5.1;
			};
		};
/* End XCRemoteSwiftPackageReference section */

/* Begin XCSwiftPackageProductDependency section */
		BB7E9F542E50B24000C69C99 /* Supabase */ = {
			isa = XCSwiftPackageProductDependency;
			package = BB7E9F522E50B1EB00C69C99 /* XCRemoteSwiftPackageReference "supabase-swift" */;
			productName = Supabase;
		};
/* End XCSwiftPackageProductDependency section */
	};
	rootObject = BB9FFBDC2E4AB2E500E1A28C /* Project object */;
}
